{
    "hash": "6137e554511126f5b3273ee66087b572",
    "packages": [
        {
            "name": "fg/essence",
            "version": "dev-master",
            "source": {
                "type": "git",
                "url": "https://github.com/felixgirault/essence.git",
                "reference": "19d06d60482daa8177cb4e53549fd8325a5a9da8"
            },
            "dist": {
                "type": "zip",
                "url": "https://api.github.com/repos/felixgirault/essence/zipball/19d06d60482daa8177cb4e53549fd8325a5a9da8",
                "reference": "19d06d60482daa8177cb4e53549fd8325a5a9da8",
                "shasum": ""
            },
            "require": {
                "php": ">=5.3.0"
            },
            "type": "library",
            "autoload": {
                "psr-0": {
                    "fg": "lib/"
                }
            },
            "notification-url": "http://packagist.org/downloads/",
            "authors": [
                {
                    "name": "Félix Girault",
                    "email": "felix.girault@gmail.com",
                    "homepage": "http://www.felix-girault.fr",
                    "role": "Developer"
                }
            ],
            "description": "Extracts informations about medias on the web, like youtube videos, twitter statuses or blog articles.",
            "homepage": "http://github.com/felixgirault/essence",
            "keywords": [
                "embed",
                "media",
                "oembed",
                "opengraph"
            ],
            "time": "2013-03-28 13:39:06"
        },
        {
            "name": "kriswallsmith/buzz",
            "version": "dev-master",
            "source": {
                "type": "git",
                "url": "https://github.com/kriswallsmith/Buzz.git",
                "reference": "309e674e87bca0850bd0ec17226ff9beb86d7651"
            },
            "dist": {
                "type": "zip",
                "url": "https://api.github.com/repos/kriswallsmith/Buzz/zipball/309e674e87bca0850bd0ec17226ff9beb86d7651",
                "reference": "309e674e87bca0850bd0ec17226ff9beb86d7651",
                "shasum": ""
            },
            "require": {
                "php": ">=5.3.0"
            },
            "require-dev": {
                "phpunit/phpunit": "3.7.*"
            },
            "suggest": {
                "ext-curl": "*"
            },
            "type": "library",
            "autoload": {
                "psr-0": {
                    "Buzz": "lib/"
                }
            },
            "notification-url": "http://packagist.org/downloads/",
            "license": [
                "MIT"
            ],
            "authors": [
                {
                    "name": "Kris Wallsmith",
                    "email": "kris.wallsmith@gmail.com",
                    "homepage": "http://kriswallsmith.net/"
                }
            ],
            "description": "Lightweight HTTP client",
            "homepage": "https://github.com/kriswallsmith/Buzz",
            "keywords": [
                "curl",
                "http client"
            ],
            "time": "2013-03-29 13:04:03"
        },
        {
            "name": "mthaml/mthaml",
            "version": "1.2.1",
            "source": {
                "type": "git",
                "url": "https://github.com/arnaud-lb/MtHaml.git",
                "reference": "1.2.1"
            },
            "dist": {
                "type": "zip",
                "url": "https://api.github.com/repos/arnaud-lb/MtHaml/zipball/1.2.1",
                "reference": "1.2.1",
                "shasum": ""
            },
            "require": {
                "php": ">=5.3.0"
            },
            "conflict": {
                "mthaml/mthaml-bundle": "<1.1.0"
            },
            "require-dev": {
                "twig/twig": ">=1.0,<2.0"
            },
            "type": "library",
            "autoload": {
                "psr-0": {
                    "MtHaml\\": "lib/"
                }
            },
            "notification-url": "http://packagist.org/downloads/",
            "license": [
                "MIT"
            ],
            "authors": [
                {
                    "name": "Arnaud Le Blanc",
                    "email": "arnaud.lb@gmail.com"
                }
            ],
            "description": "HAML for PHP",
            "homepage": "https://github.com/arnaud-lb/MtHaml",
            "keywords": [
                "HAML"
            ],
            "time": "2013-02-21 18:24:07"
        },
        {
            "name": "mthaml/silex-mthaml",
            "version": "dev-master",
            "source": {
                "type": "git",
                "url": "https://github.com/arnaud-lb/Silex-MtHaml.git",
                "reference": "1.0.1"
            },
            "dist": {
                "type": "zip",
                "url": "https://api.github.com/repos/arnaud-lb/Silex-MtHaml/zipball/1.0.1",
                "reference": "1.0.1",
                "shasum": ""
            },
            "require": {
                "mthaml/mthaml": "1.*"
            },
            "type": "library",
            "autoload": {
                "psr-0": {
                    "SilexMtHaml": "src/"
                }
            },
            "notification-url": "http://packagist.org/downloads/",
            "license": [
                "MIT"
            ],
            "authors": [
                {
                    "name": "Arnaud Le Blanc",
                    "email": "arnaud.lb@gmail.com"
                }
            ],
            "description": "HAML templating for Silex",
            "time": "2013-03-29 17:37:11"
        },
        {
            "name": "pimple/pimple",
            "version": "dev-master",
            "source": {
                "type": "git",
                "url": "https://github.com/fabpot/Pimple.git",
                "reference": "v1.0.2"
            },
            "dist": {
                "type": "zip",
                "url": "https://api.github.com/repos/fabpot/Pimple/zipball/v1.0.2",
                "reference": "v1.0.2",
                "shasum": ""
            },
            "require": {
                "php": ">=5.3.0"
            },
            "type": "library",
            "extra": {
                "branch-alias": {
                    "dev-master": "1.0.x-dev"
                }
            },
            "autoload": {
                "psr-0": {
                    "Pimple": "lib/"
                }
            },
            "notification-url": "http://packagist.org/downloads/",
            "license": [
                "MIT"
            ],
            "authors": [
                {
                    "name": "Fabien Potencier",
                    "email": "fabien@symfony.com"
                }
            ],
            "description": "Pimple is a simple Dependency Injection Container for PHP 5.3",
            "homepage": "http://pimple.sensiolabs.org",
            "keywords": [
                "container",
                "dependency injection"
            ],
            "time": "2013-03-08 08:21:40"
        },
        {
            "name": "psr/log",
            "version": "1.0.0",
            "source": {
                "type": "git",
                "url": "https://github.com/php-fig/log",
                "reference": "1.0.0"
            },
            "dist": {
                "type": "zip",
                "url": "https://github.com/php-fig/log/archive/1.0.0.zip",
                "reference": "1.0.0",
                "shasum": ""
            },
            "type": "library",
            "autoload": {
                "psr-0": {
                    "Psr\\Log\\": ""
                }
            },
            "notification-url": "http://packagist.org/downloads/",
            "license": [
                "MIT"
            ],
            "authors": [
                {
                    "name": "PHP-FIG",
                    "homepage": "http://www.php-fig.org/"
                }
            ],
            "description": "Common interface for logging libraries",
            "keywords": [
                "log",
                "psr",
                "psr-3"
            ],
            "time": "2012-12-21 11:40:51"
        },
        {
            "name": "radiant/radiant",
            "version": "dev-master",
            "source": {
                "type": "git",
                "url": "https://github.com/MadCatme/Radiant.git",
                "reference": "6beb46701447254f386b00568dbf723617039668"
            },
            "dist": {
                "type": "zip",
                "url": "https://api.github.com/repos/MadCatme/Radiant/zipball/6beb46701447254f386b00568dbf723617039668",
                "reference": "6beb46701447254f386b00568dbf723617039668",
                "shasum": ""
            },
            "require": {
                "php": ">=5.3.0"
            },
            "type": "library",
            "autoload": {
                "psr-0": {
                    "Radiant": "src"
                }
            },
            "notification-url": "http://packagist.org/downloads/",
            "license": [
                "MIT"
            ],
            "authors": [
                {
                    "name": "David Henning",
                    "email": "madcat.me@gmail.com",
                    "homepage": "http://webcodr.de",
                    "role": "Developer"
                }
            ],
            "description": "A simple PHP-based syntax highlighter",
            "homepage": "https://github.com/MadCatme/SilexMarkdown",
            "keywords": [
                "syntax highlighting"
            ],
            "time": "2012-10-22 18:49:24"
        },
        {
            "name": "silex/silex",
            "version": "dev-master",
            "source": {
                "type": "git",
                "url": "https://github.com/fabpot/Silex.git",
                "reference": "a5cb55ced63ece76550de1599ddcc60719373594"
            },
            "dist": {
                "type": "zip",
                "url": "https://api.github.com/repos/fabpot/Silex/zipball/a5cb55ced63ece76550de1599ddcc60719373594",
                "reference": "a5cb55ced63ece76550de1599ddcc60719373594",
                "shasum": ""
            },
            "require": {
                "php": ">=5.3.3",
                "pimple/pimple": "1.*",
                "symfony/event-dispatcher": ">=2.1,<2.3-dev",
                "symfony/http-foundation": ">=2.1,<2.3-dev",
                "symfony/http-kernel": ">=2.1,<2.3-dev",
                "symfony/routing": ">=2.1,<2.3-dev"
            },
            "require-dev": {
                "doctrine/dbal": ">=2.2.0,<2.4.0-dev",
                "swiftmailer/swiftmailer": "4.2.*",
                "symfony/browser-kit": ">=2.1,<2.3-dev",
                "symfony/config": ">=2.1,<2.3-dev",
                "symfony/css-selector": ">=2.1,<2.3-dev",
                "symfony/dom-crawler": ">=2.1,<2.3-dev",
                "symfony/finder": ">=2.1,<2.3-dev",
                "symfony/form": ">=2.1.4,<2.3-dev",
                "symfony/locale": ">=2.1,<2.3-dev",
                "symfony/monolog-bridge": ">=2.1,<2.3-dev",
                "symfony/options-resolver": ">=2.1,<2.3-dev",
                "symfony/process": ">=2.1,<2.3-dev",
                "symfony/security": ">=2.1,<2.3-dev",
                "symfony/serializer": ">=2.1,<2.3-dev",
                "symfony/translation": ">=2.1,<2.3-dev",
                "symfony/twig-bridge": ">=2.1,<2.3-dev",
                "symfony/validator": ">=2.1,<2.3-dev",
                "twig/twig": ">=1.8.0,<2.0-dev"
            },
            "suggest": {
                "symfony/browser-kit": ">=2.1,<2.3-dev",
                "symfony/css-selector": ">=2.1,<2.3-dev",
                "symfony/dom-crawler": ">=2.1,<2.3-dev",
                "symfony/form": "To make use of the FormServiceProvider, >= 2.1.4 is required"
            },
            "type": "library",
            "extra": {
                "branch-alias": {
                    "dev-master": "1.0.x-dev"
                }
            },
            "autoload": {
                "psr-0": {
                    "Silex": "src/"
                }
            },
            "notification-url": "http://packagist.org/downloads/",
            "license": [
                "MIT"
            ],
            "authors": [
                {
                    "name": "Fabien Potencier",
                    "email": "fabien@symfony.com"
                },
                {
                    "name": "Igor Wiedler",
                    "email": "igor@wiedler.ch",
                    "homepage": "http://wiedler.ch/igor/"
                }
            ],
            "description": "The PHP micro-framework based on the Symfony2 Components",
            "homepage": "http://silex.sensiolabs.org",
            "keywords": [
                "microframework"
            ],
            "time": "2013-03-27 09:31:32"
        },
        {
            "name": "silexmarkdown/silexmarkdown",
            "version": "dev-master",
            "source": {
                "type": "git",
                "url": "https://github.com/MadCatme/SilexMarkdown.git",
                "reference": "6c5c153f6a59e2fb62abf2c8cc7027e066765579"
            },
            "dist": {
                "type": "zip",
                "url": "https://api.github.com/repos/MadCatme/SilexMarkdown/zipball/6c5c153f6a59e2fb62abf2c8cc7027e066765579",
                "reference": "6c5c153f6a59e2fb62abf2c8cc7027e066765579",
                "shasum": ""
            },
            "require": {
                "fg/essence": "*",
                "kriswallsmith/buzz": "*",
                "php": ">=5.3.0",
                "radiant/radiant": "*",
                "silex/silex": "1.*",
                "twig/twig": "1.12.*@dev"
            },
            "require-dev": {
                "symfony/browser-kit": "2.1.*",
                "symfony/css-selector": "2.1.*"
            },
            "type": "library",
            "autoload": {
                "psr-0": {
                    "SilexMarkdown": "src"
                }
            },
            "notification-url": "http://packagist.org/downloads/",
            "license": [
                "MIT"
            ],
            "authors": [
                {
                    "name": "David Henning",
                    "email": "madcat.me@gmail.com",
                    "homepage": "http://webcodr.de",
                    "role": "Developer"
                }
            ],
            "description": "A simple markdown implementation for Silex and Twig",
            "homepage": "https://github.com/MadCatme/SilexMarkdown",
            "keywords": [
                "markdown",
                "silex"
            ],
            "time": "2013-03-31 22:21:37"
        },
        {
            "name": "symfony/event-dispatcher",
            "version": "2.2.x-dev",
            "target-dir": "Symfony/Component/EventDispatcher",
            "source": {
                "type": "git",
                "url": "https://github.com/symfony/EventDispatcher.git",
                "reference": "v2.2.0-RC3"
            },
            "dist": {
                "type": "zip",
                "url": "https://api.github.com/repos/symfony/EventDispatcher/zipball/v2.2.0-RC3",
                "reference": "v2.2.0-RC3",
                "shasum": ""
            },
            "require": {
                "php": ">=5.3.3"
            },
            "require-dev": {
                "symfony/dependency-injection": ">=2.0,<3.0"
            },
            "suggest": {
                "symfony/dependency-injection": "2.2.*",
                "symfony/http-kernel": "2.2.*"
            },
            "type": "library",
            "extra": {
                "branch-alias": {
                    "dev-master": "2.2-dev"
                }
            },
            "autoload": {
                "psr-0": {
                    "Symfony\\Component\\EventDispatcher\\": ""
                }
            },
            "notification-url": "http://packagist.org/downloads/",
            "license": [
                "MIT"
            ],
            "authors": [
                {
                    "name": "Fabien Potencier",
                    "email": "fabien@symfony.com"
                },
                {
                    "name": "Symfony Community",
                    "homepage": "http://symfony.com/contributors"
                }
            ],
            "description": "Symfony EventDispatcher Component",
            "homepage": "http://symfony.com",
            "time": "2013-02-11 11:26:43"
        },
        {
            "name": "symfony/http-foundation",
            "version": "2.2.x-dev",
            "target-dir": "Symfony/Component/HttpFoundation",
            "source": {
                "type": "git",
                "url": "https://github.com/symfony/HttpFoundation.git",
                "reference": "6af424d4fee81987e76bc76aa4e811859ca70bac"
            },
            "dist": {
                "type": "zip",
                "url": "https://api.github.com/repos/symfony/HttpFoundation/zipball/6af424d4fee81987e76bc76aa4e811859ca70bac",
                "reference": "6af424d4fee81987e76bc76aa4e811859ca70bac",
                "shasum": ""
            },
            "require": {
                "php": ">=5.3.3"
            },
            "type": "library",
            "extra": {
                "branch-alias": {
                    "dev-master": "2.2-dev"
                }
            },
            "autoload": {
                "psr-0": {
                    "Symfony\\Component\\HttpFoundation\\": ""
                },
                "classmap": [
                    "Symfony/Component/HttpFoundation/Resources/stubs"
                ]
            },
            "notification-url": "http://packagist.org/downloads/",
            "license": [
                "MIT"
            ],
            "authors": [
                {
                    "name": "Fabien Potencier",
                    "email": "fabien@symfony.com"
                },
                {
                    "name": "Symfony Community",
                    "homepage": "http://symfony.com/contributors"
                }
            ],
            "description": "Symfony HttpFoundation Component",
            "homepage": "http://symfony.com",
            "time": "2013-03-23 07:49:54"
        },
        {
            "name": "symfony/http-kernel",
            "version": "2.2.x-dev",
            "target-dir": "Symfony/Component/HttpKernel",
            "source": {
                "type": "git",
                "url": "https://github.com/symfony/HttpKernel.git",
                "reference": "3bfc8fda577fb671b2d9395a59fbc87f449fa61f"
            },
            "dist": {
                "type": "zip",
                "url": "https://api.github.com/repos/symfony/HttpKernel/zipball/3bfc8fda577fb671b2d9395a59fbc87f449fa61f",
                "reference": "3bfc8fda577fb671b2d9395a59fbc87f449fa61f",
                "shasum": ""
            },
            "require": {
                "php": ">=5.3.3",
                "psr/log": ">=1.0,<2.0",
                "symfony/event-dispatcher": ">=2.1,<3.0",
                "symfony/http-foundation": ">=2.2,<2.3-dev"
            },
            "require-dev": {
                "symfony/browser-kit": "2.2.*",
                "symfony/class-loader": ">=2.1,<3.0",
                "symfony/config": ">=2.0,<3.0",
                "symfony/console": "2.2.*",
                "symfony/dependency-injection": ">=2.0,<3.0",
                "symfony/finder": ">=2.0,<3.0",
                "symfony/process": ">=2.0,<3.0",
                "symfony/routing": ">=2.2,<2.3-dev",
                "symfony/stopwatch": ">=2.2,<2.3-dev"
            },
            "suggest": {
                "symfony/browser-kit": "2.2.*",
                "symfony/class-loader": "2.2.*",
                "symfony/config": "2.2.*",
                "symfony/console": "2.2.*",
                "symfony/dependency-injection": "2.2.*",
                "symfony/finder": "2.2.*"
            },
            "type": "library",
            "extra": {
                "branch-alias": {
                    "dev-master": "2.2-dev"
                }
            },
            "autoload": {
                "psr-0": {
                    "Symfony\\Component\\HttpKernel\\": ""
                }
            },
            "notification-url": "http://packagist.org/downloads/",
            "license": [
                "MIT"
            ],
            "authors": [
                {
                    "name": "Fabien Potencier",
                    "email": "fabien@symfony.com"
                },
                {
                    "name": "Symfony Community",
                    "homepage": "http://symfony.com/contributors"
                }
            ],
            "description": "Symfony HttpKernel Component",
            "homepage": "http://symfony.com",
            "time": "2013-03-23 10:43:44"
        },
        {
            "name": "symfony/routing",
            "version": "2.2.x-dev",
            "target-dir": "Symfony/Component/Routing",
            "source": {
                "type": "git",
                "url": "https://github.com/symfony/Routing.git",
                "reference": "a8599d5735c5f1f994cfbf91f59851add9c9f627"
            },
            "dist": {
                "type": "zip",
                "url": "https://api.github.com/repos/symfony/Routing/zipball/a8599d5735c5f1f994cfbf91f59851add9c9f627",
                "reference": "a8599d5735c5f1f994cfbf91f59851add9c9f627",
                "shasum": ""
            },
            "require": {
                "php": ">=5.3.3"
            },
            "require-dev": {
                "doctrine/common": ">=2.2,<3.0",
                "psr/log": ">=1.0,<2.0",
                "symfony/config": ">=2.2,<2.3-dev",
                "symfony/yaml": ">=2.0,<3.0"
            },
            "suggest": {
                "doctrine/common": "~2.2",
                "symfony/config": "2.2.*",
                "symfony/yaml": "2.2.*"
            },
            "type": "library",
            "extra": {
                "branch-alias": {
                    "dev-master": "2.2-dev"
                }
            },
            "autoload": {
                "psr-0": {
                    "Symfony\\Component\\Routing\\": ""
                }
            },
            "notification-url": "http://packagist.org/downloads/",
            "license": [
                "MIT"
            ],
            "authors": [
                {
                    "name": "Fabien Potencier",
                    "email": "fabien@symfony.com"
                },
                {
                    "name": "Symfony Community",
                    "homepage": "http://symfony.com/contributors"
                }
            ],
            "description": "Symfony Routing Component",
            "homepage": "http://symfony.com",
            "time": "2013-03-14 09:39:13"
        },
        {
            "name": "symfony/yaml",
            "version": "2.2.x-dev",
            "target-dir": "Symfony/Component/Yaml",
            "source": {
                "type": "git",
                "url": "https://github.com/symfony/Yaml.git",
                "reference": "3f6d4ab3fd8226ab4ba0be9fc8a238f4338b79ab"
            },
            "dist": {
                "type": "zip",
                "url": "https://api.github.com/repos/symfony/Yaml/zipball/3f6d4ab3fd8226ab4ba0be9fc8a238f4338b79ab",
                "reference": "3f6d4ab3fd8226ab4ba0be9fc8a238f4338b79ab",
                "shasum": ""
            },
            "require": {
                "php": ">=5.3.3"
            },
            "type": "library",
            "extra": {
                "branch-alias": {
                    "dev-master": "2.2-dev"
                }
            },
            "autoload": {
                "psr-0": {
                    "Symfony\\Component\\Yaml\\": ""
                }
            },
            "notification-url": "http://packagist.org/downloads/",
            "license": [
                "MIT"
            ],
            "authors": [
                {
                    "name": "Fabien Potencier",
                    "email": "fabien@symfony.com"
                },
                {
                    "name": "Symfony Community",
                    "homepage": "http://symfony.com/contributors"
                }
            ],
            "description": "Symfony Yaml Component",
            "homepage": "http://symfony.com",
            "time": "2013-03-23 07:49:54"
        },
        {
            "name": "twig/twig",
            "version": "dev-master",
            "source": {
                "type": "git",
                "url": "https://github.com/fabpot/Twig.git",
                "reference": "e8991cc2f9c84b2b5c782203904898717d46e56a"
            },
            "dist": {
                "type": "zip",
                "url": "https://api.github.com/repos/fabpot/Twig/zipball/e8991cc2f9c84b2b5c782203904898717d46e56a",
                "reference": "e8991cc2f9c84b2b5c782203904898717d46e56a",
                "shasum": ""
            },
            "require": {
                "php": ">=5.2.4"
            },
            "type": "library",
            "extra": {
                "branch-alias": {
                    "dev-master": "1.12-dev"
                }
            },
            "autoload": {
                "psr-0": {
                    "Twig_": "lib/"
                }
            },
            "notification-url": "http://packagist.org/downloads/",
            "license": [
                "BSD-3"
            ],
            "authors": [
                {
                    "name": "Fabien Potencier",
                    "email": "fabien@symfony.com"
                },
                {
                    "name": "Armin Ronacher",
                    "email": "armin.ronacher@active-4.com"
                }
            ],
            "description": "Twig, the flexible, fast, and secure template language for PHP",
            "homepage": "http://twig.sensiolabs.org",
            "keywords": [
                "templating"
            ],
            "time": "2013-03-25 07:43:31"
        },
        {
            "name": "webcodr/collection",
            "version": "1.1.0",
            "source": {
                "type": "git",
                "url": "https://github.com/WebCodr/Collection.git",
                "reference": "1.1.0"
            },
            "dist": {
                "type": "zip",
                "url": "https://api.github.com/repos/WebCodr/Collection/zipball/1.1.0",
                "reference": "1.1.0",
                "shasum": ""
            },
            "require": {
                "php": ">=5.3.4"
            },
            "type": "library",
            "autoload": {
                "psr-0": {
                    "Collection": "src"
                }
            },
            "notification-url": "http://packagist.org/downloads/",
            "license": [
                "MIT"
            ],
            "authors": [
                {
                    "name": "David Henning",
                    "email": "madcat.me@gmail.com",
                    "homepage": "http://webcodr.de",
                    "role": "Developer"
                }
            ],
            "description": "Collection library for PHP",
            "homepage": "https://github.com/WebCodr/Collection",
            "keywords": [
                "array",
                "collection"
            ],
            "time": "2013-03-19 23:20:00"
        },
        {
            "name": "webcodr/mango",
            "version": "dev-master",
            "source": {
                "type": "git",
                "url": "https://github.com/WebCodr/Mango.git",
                "reference": "0.4.3"
            },
            "dist": {
                "type": "zip",
                "url": "https://api.github.com/repos/WebCodr/Mango/zipball/0.4.3",
                "reference": "0.4.3",
                "shasum": ""
            },
            "require": {
                "ext-mongo": ">=1.2.0",
                "php": ">=5.4.0",
                "webcodr/collection": "1.*"
            },
            "type": "library",
            "autoload": {
                "psr-0": {
                    "Mango": "src"
                }
            },
            "notification-url": "http://packagist.org/downloads/",
            "license": [
                "MIT"
            ],
            "authors": [
                {
                    "name": "David Henning",
                    "email": "madcat.me@gmail.com",
                    "homepage": "http://webcodr.de",
                    "role": "Developer"
                }
            ],
            "description": "A MongoDB object document mapper for PHP",
            "homepage": "https://github.com/WebCodr/Mango",
            "keywords": [
                "mongo",
                "mongodb",
                "odm"
            ],
            "time": "2013-03-23 19:10:37"
        }
    ],
    "packages-dev": [
        {
            "name": "symfony/browser-kit",
            "version": "2.1.x-dev",
            "target-dir": "Symfony/Component/BrowserKit",
            "source": {
                "type": "git",
                "url": "https://github.com/symfony/BrowserKit.git",
                "reference": "v2.1.9"
            },
            "dist": {
                "type": "zip",
                "url": "https://api.github.com/repos/symfony/BrowserKit/zipball/v2.1.9",
                "reference": "v2.1.9",
                "shasum": ""
            },
            "require": {
                "php": ">=5.3.3",
                "symfony/dom-crawler": "2.1.*"
            },
            "require-dev": {
                "symfony/css-selector": "2.1.*",
                "symfony/process": "2.1.*"
            },
            "suggest": {
                "symfony/process": "2.1.*"
            },
            "type": "library",
            "autoload": {
                "psr-0": {
                    "Symfony\\Component\\BrowserKit": ""
                }
            },
            "notification-url": "http://packagist.org/downloads/",
            "license": [
                "MIT"
            ],
            "authors": [
                {
                    "name": "Fabien Potencier",
                    "email": "fabien@symfony.com"
                },
                {
                    "name": "Symfony Community",
                    "homepage": "http://symfony.com/contributors"
                }
            ],
            "description": "Symfony BrowserKit Component",
            "homepage": "http://symfony.com",
            "time": "2013-03-12 15:50:09"
        },
        {
            "name": "symfony/css-selector",
            "version": "2.1.x-dev",
            "target-dir": "Symfony/Component/CssSelector",
            "source": {
                "type": "git",
                "url": "https://github.com/symfony/CssSelector.git",
                "reference": "v2.1.9"
            },
            "dist": {
                "type": "zip",
                "url": "https://api.github.com/repos/symfony/CssSelector/zipball/v2.1.9",
                "reference": "v2.1.9",
                "shasum": ""
            },
            "require": {
                "php": ">=5.3.3"
            },
            "type": "library",
            "autoload": {
                "psr-0": {
                    "Symfony\\Component\\CssSelector": ""
                }
            },
            "notification-url": "http://packagist.org/downloads/",
            "license": [
                "MIT"
            ],
            "authors": [
                {
                    "name": "Fabien Potencier",
                    "email": "fabien@symfony.com"
                },
                {
                    "name": "Symfony Community",
                    "homepage": "http://symfony.com/contributors"
                }
            ],
            "description": "Symfony CssSelector Component",
            "homepage": "http://symfony.com",
            "time": "2013-01-09 08:51:07"
        },
        {
            "name": "symfony/dom-crawler",
            "version": "2.1.x-dev",
            "target-dir": "Symfony/Component/DomCrawler",
            "source": {
                "type": "git",
                "url": "https://github.com/symfony/DomCrawler.git",
                "reference": "83d753c3629222a822b19ee4ee494aa3000099f6"
            },
            "dist": {
                "type": "zip",
                "url": "https://api.github.com/repos/symfony/DomCrawler/zipball/83d753c3629222a822b19ee4ee494aa3000099f6",
                "reference": "83d753c3629222a822b19ee4ee494aa3000099f6",
                "shasum": ""
            },
            "require": {
                "php": ">=5.3.3"
            },
            "require-dev": {
                "symfony/css-selector": "2.1.*"
            },
            "suggest": {
                "symfony/css-selector": "2.1.*"
            },
            "type": "library",
            "autoload": {
                "psr-0": {
                    "Symfony\\Component\\DomCrawler": ""
                }
            },
            "notification-url": "http://packagist.org/downloads/",
            "license": [
                "MIT"
            ],
            "authors": [
                {
                    "name": "Fabien Potencier",
                    "email": "fabien@symfony.com"
                },
                {
                    "name": "Symfony Community",
                    "homepage": "http://symfony.com/contributors"
                }
            ],
            "description": "Symfony DomCrawler Component",
            "homepage": "http://symfony.com",
            "time": "2013-03-27 17:13:16"
        }
    ],
    "aliases": [

    ],
    "minimum-stability": "dev",
    "stability-flags": {
        "silex/silex": 20,
        "symfony/yaml": 20,
        "twig/twig": 20,
        "webcodr/mango": 20,
        "silexmarkdown/silexmarkdown": 20,
        "mthaml/silex-mthaml": 20,
        "symfony/browser-kit": 20,
        "symfony/css-selector": 20
    },
    "platform": {
        "php": ">=5.4.0"
    },
    "platform-dev": [

    ]
}
